// !$*UTF8*$!
{
	archiveVersion = 1;
	classes = {
	};
	objectVersion = 50;
	objects = {

/* Begin PBXBuildFile section */
		835A2FBF20C0DAAC004960D7 /* AddExpenseViewController.swift in Sources */ = {isa = PBXBuildFile; fileRef = 835A2FBE20C0DAAC004960D7 /* AddExpenseViewController.swift */; };
		8394C9ED2101CEFA0060E4E9 /* ThemeSelector.swift in Sources */ = {isa = PBXBuildFile; fileRef = 8394C9EC2101CEFA0060E4E9 /* ThemeSelector.swift */; };
		839A128820CFE193004B3A9B /* Main.storyboard in Resources */ = {isa = PBXBuildFile; fileRef = 839A128720CFE193004B3A9B /* Main.storyboard */; };
		839DE49820BFF4F000FB4E4D /* AppDelegate.swift in Sources */ = {isa = PBXBuildFile; fileRef = 839DE49720BFF4F000FB4E4D /* AppDelegate.swift */; };
		839DE49A20BFF4F000FB4E4D /* ExpensesViewController.swift in Sources */ = {isa = PBXBuildFile; fileRef = 839DE49920BFF4F000FB4E4D /* ExpensesViewController.swift */; };
		839DE4A020BFF4F000FB4E4D /* Subscriptions.xcdatamodeld in Sources */ = {isa = PBXBuildFile; fileRef = 839DE49E20BFF4F000FB4E4D /* Subscriptions.xcdatamodeld */; };
		839DE4A220BFF4F300FB4E4D /* Assets.xcassets in Resources */ = {isa = PBXBuildFile; fileRef = 839DE4A120BFF4F300FB4E4D /* Assets.xcassets */; };
		839DE4A520BFF4F300FB4E4D /* LaunchScreen.storyboard in Resources */ = {isa = PBXBuildFile; fileRef = 839DE4A320BFF4F300FB4E4D /* LaunchScreen.storyboard */; };
		83FEE0E220EDC42A0084D533 /* TotalCostViewController.swift in Sources */ = {isa = PBXBuildFile; fileRef = 83FEE0E120EDC42A0084D533 /* TotalCostViewController.swift */; };
		A1B575B220D65C8C00E8BAB6 /* Expense+Helper.swift in Sources */ = {isa = PBXBuildFile; fileRef = A1B575B120D65C8C00E8BAB6 /* Expense+Helper.swift */; };
/* End PBXBuildFile section */

/* Begin PBXFileReference section */
		835A2FBE20C0DAAC004960D7 /* AddExpenseViewController.swift */ = {isa = PBXFileReference; lastKnownFileType = sourcecode.swift; path = AddExpenseViewController.swift; sourceTree = "<group>"; };
		8394C9EC2101CEFA0060E4E9 /* ThemeSelector.swift */ = {isa = PBXFileReference; lastKnownFileType = sourcecode.swift; path = ThemeSelector.swift; sourceTree = "<group>"; };
		839A128720CFE193004B3A9B /* Main.storyboard */ = {isa = PBXFileReference; fileEncoding = 4; lastKnownFileType = file.storyboard; path = Main.storyboard; sourceTree = "<group>"; };
		839DE49420BFF4F000FB4E4D /* Expenses.app */ = {isa = PBXFileReference; explicitFileType = wrapper.application; includeInIndex = 0; path = Expenses.app; sourceTree = BUILT_PRODUCTS_DIR; };
		839DE49720BFF4F000FB4E4D /* AppDelegate.swift */ = {isa = PBXFileReference; lastKnownFileType = sourcecode.swift; path = AppDelegate.swift; sourceTree = "<group>"; };
		839DE49920BFF4F000FB4E4D /* ExpensesViewController.swift */ = {isa = PBXFileReference; lastKnownFileType = sourcecode.swift; path = ExpensesViewController.swift; sourceTree = "<group>"; };
		839DE49F20BFF4F000FB4E4D /* Subscriptions.xcdatamodel */ = {isa = PBXFileReference; lastKnownFileType = wrapper.xcdatamodel; path = Subscriptions.xcdatamodel; sourceTree = "<group>"; };
		839DE4A120BFF4F300FB4E4D /* Assets.xcassets */ = {isa = PBXFileReference; lastKnownFileType = folder.assetcatalog; path = Assets.xcassets; sourceTree = "<group>"; };
		839DE4A420BFF4F300FB4E4D /* Base */ = {isa = PBXFileReference; lastKnownFileType = file.storyboard; name = Base; path = Base.lproj/LaunchScreen.storyboard; sourceTree = "<group>"; };
		839DE4A620BFF4F300FB4E4D /* Info.plist */ = {isa = PBXFileReference; lastKnownFileType = text.plist.xml; path = Info.plist; sourceTree = "<group>"; };
		83FEE0E120EDC42A0084D533 /* TotalCostViewController.swift */ = {isa = PBXFileReference; lastKnownFileType = sourcecode.swift; path = TotalCostViewController.swift; sourceTree = "<group>"; };
		A1B575B120D65C8C00E8BAB6 /* Expense+Helper.swift */ = {isa = PBXFileReference; lastKnownFileType = sourcecode.swift; path = "Expense+Helper.swift"; sourceTree = "<group>"; };
/* End PBXFileReference section */

/* Begin PBXFrameworksBuildPhase section */
		839DE49120BFF4F000FB4E4D /* Frameworks */ = {
			isa = PBXFrameworksBuildPhase;
			buildActionMask = 2147483647;
			files = (
			);
			runOnlyForDeploymentPostprocessing = 0;
		};
/* End PBXFrameworksBuildPhase section */

/* Begin PBXGroup section */
		839DE48B20BFF4F000FB4E4D = {
			isa = PBXGroup;
			children = (
				839DE49620BFF4F000FB4E4D /* Subscriptions */,
				839DE49520BFF4F000FB4E4D /* Products */,
			);
			sourceTree = "<group>";
		};
		839DE49520BFF4F000FB4E4D /* Products */ = {
			isa = PBXGroup;
			children = (
				839DE49420BFF4F000FB4E4D /* Expenses.app */,
			);
			name = Products;
			sourceTree = "<group>";
		};
		839DE49620BFF4F000FB4E4D /* Subscriptions */ = {
			isa = PBXGroup;
			children = (
				839DE4AE20BFF52300FB4E4D /* Model */,
				839DE4AD20BFF51A00FB4E4D /* View */,
				839DE4AC20BFF50A00FB4E4D /* Controller */,
				839DE4A620BFF4F300FB4E4D /* Info.plist */,
				839DE4AF20BFF53200FB4E4D /* Supporting Files */,
			);
			path = Subscriptions;
			sourceTree = "<group>";
		};
		839DE4AC20BFF50A00FB4E4D /* Controller */ = {
			isa = PBXGroup;
			children = (
				839DE49920BFF4F000FB4E4D /* ExpensesViewController.swift */,
				8394C9EC2101CEFA0060E4E9 /* ThemeSelector.swift */,
				835A2FBE20C0DAAC004960D7 /* AddExpenseViewController.swift */,
				83FEE0E120EDC42A0084D533 /* TotalCostViewController.swift */,
			);
			path = Controller;
			sourceTree = "<group>";
		};
		839DE4AD20BFF51A00FB4E4D /* View */ = {
			isa = PBXGroup;
			children = (
				839A128720CFE193004B3A9B /* Main.storyboard */,
				839DE4A320BFF4F300FB4E4D /* LaunchScreen.storyboard */,
			);
			path = View;
			sourceTree = "<group>";
		};
		839DE4AE20BFF52300FB4E4D /* Model */ = {
			isa = PBXGroup;
			children = (
				839DE49E20BFF4F000FB4E4D /* Subscriptions.xcdatamodeld */,
				A1B575B120D65C8C00E8BAB6 /* Expense+Helper.swift */,
			);
			path = Model;
			sourceTree = "<group>";
		};
		839DE4AF20BFF53200FB4E4D /* Supporting Files */ = {
			isa = PBXGroup;
			children = (
				839DE49720BFF4F000FB4E4D /* AppDelegate.swift */,
				839DE4A120BFF4F300FB4E4D /* Assets.xcassets */,
			);
			path = "Supporting Files";
			sourceTree = "<group>";
		};
/* End PBXGroup section */

/* Begin PBXNativeTarget section */
		839DE49320BFF4F000FB4E4D /* Expenses */ = {
			isa = PBXNativeTarget;
			buildConfigurationList = 839DE4A920BFF4F300FB4E4D /* Build configuration list for PBXNativeTarget "Expenses" */;
			buildPhases = (
				839DE49020BFF4F000FB4E4D /* Sources */,
				839DE49120BFF4F000FB4E4D /* Frameworks */,
				839DE49220BFF4F000FB4E4D /* Resources */,
			);
			buildRules = (
			);
			dependencies = (
			);
			name = Expenses;
			productName = Subscriptions;
			productReference = 839DE49420BFF4F000FB4E4D /* Expenses.app */;
			productType = "com.apple.product-type.application";
		};
/* End PBXNativeTarget section */

/* Begin PBXProject section */
		839DE48C20BFF4F000FB4E4D /* Project object */ = {
			isa = PBXProject;
			attributes = {
				LastSwiftUpdateCheck = 0930;
				LastUpgradeCheck = 0930;
				ORGANIZATIONNAME = "Chris Lang";
				TargetAttributes = {
					839DE49320BFF4F000FB4E4D = {
						CreatedOnToolsVersion = 9.3;
					};
				};
			};
			buildConfigurationList = 839DE48F20BFF4F000FB4E4D /* Build configuration list for PBXProject "Subscriptions" */;
			compatibilityVersion = "Xcode 9.3";
			developmentRegion = en;
			hasScannedForEncodings = 0;
			knownRegions = (
				en,
				Base,
			);
			mainGroup = 839DE48B20BFF4F000FB4E4D;
			productRefGroup = 839DE49520BFF4F000FB4E4D /* Products */;
			projectDirPath = "";
			projectRoot = "";
			targets = (
				839DE49320BFF4F000FB4E4D /* Expenses */,
			);
		};
/* End PBXProject section */

/* Begin PBXResourcesBuildPhase section */
		839DE49220BFF4F000FB4E4D /* Resources */ = {
			isa = PBXResourcesBuildPhase;
			buildActionMask = 2147483647;
			files = (
				839DE4A520BFF4F300FB4E4D /* LaunchScreen.storyboard in Resources */,
				839A128820CFE193004B3A9B /* Main.storyboard in Resources */,
				839DE4A220BFF4F300FB4E4D /* Assets.xcassets in Resources */,
			);
			runOnlyForDeploymentPostprocessing = 0;
		};
/* End PBXResourcesBuildPhase section */

/* Begin PBXSourcesBuildPhase section */
		839DE49020BFF4F000FB4E4D /* Sources */ = {
			isa = PBXSourcesBuildPhase;
			buildActionMask = 2147483647;
			files = (
				8394C9ED2101CEFA0060E4E9 /* ThemeSelector.swift in Sources */,
				835A2FBF20C0DAAC004960D7 /* AddExpenseViewController.swift in Sources */,
				839DE4A020BFF4F000FB4E4D /* Subscriptions.xcdatamodeld in Sources */,
				A1B575B220D65C8C00E8BAB6 /* Expense+Helper.swift in Sources */,
				839DE49A20BFF4F000FB4E4D /* ExpensesViewController.swift in Sources */,
				83FEE0E220EDC42A0084D533 /* TotalCostViewController.swift in Sources */,
				839DE49820BFF4F000FB4E4D /* AppDelegate.swift in Sources */,
			);
			runOnlyForDeploymentPostprocessing = 0;
		};
/* End PBXSourcesBuildPhase section */

/* Begin PBXVariantGroup section */
		839DE4A320BFF4F300FB4E4D /* LaunchScreen.storyboard */ = {
			isa = PBXVariantGroup;
			children = (
				839DE4A420BFF4F300FB4E4D /* Base */,
			);
			name = LaunchScreen.storyboard;
			sourceTree = "<group>";
		};
/* End PBXVariantGroup section */

/* Begin XCBuildConfiguration section */
		839DE4A720BFF4F300FB4E4D /* Debug */ = {
			isa = XCBuildConfiguration;
			buildSettings = {
				ALWAYS_SEARCH_USER_PATHS = NO;
				CLANG_ANALYZER_NONNULL = YES;
				CLANG_ANALYZER_NUMBER_OBJECT_CONVERSION = YES_AGGRESSIVE;
				CLANG_CXX_LANGUAGE_STANDARD = "gnu++14";
				CLANG_CXX_LIBRARY = "libc++";
				CLANG_ENABLE_MODULES = YES;
				CLANG_ENABLE_OBJC_ARC = YES;
				CLANG_ENABLE_OBJC_WEAK = YES;
				CLANG_WARN_BLOCK_CAPTURE_AUTORELEASING = YES;
				CLANG_WARN_BOOL_CONVERSION = YES;
				CLANG_WARN_COMMA = YES;
				CLANG_WARN_CONSTANT_CONVERSION = YES;
				CLANG_WARN_DEPRECATED_OBJC_IMPLEMENTATIONS = YES;
				CLANG_WARN_DIRECT_OBJC_ISA_USAGE = YES_ERROR;
				CLANG_WARN_DOCUMENTATION_COMMENTS = YES;
				CLANG_WARN_EMPTY_BODY = YES;
				CLANG_WARN_ENUM_CONVERSION = YES;
				CLANG_WARN_INFINITE_RECURSION = YES;
				CLANG_WARN_INT_CONVERSION = YES;
				CLANG_WARN_NON_LITERAL_NULL_CONVERSION = YES;
				CLANG_WARN_OBJC_IMPLICIT_RETAIN_SELF = YES;
				CLANG_WARN_OBJC_LITERAL_CONVERSION = YES;
				CLANG_WARN_OBJC_ROOT_CLASS = YES_ERROR;
				CLANG_WARN_RANGE_LOOP_ANALYSIS = YES;
				CLANG_WARN_STRICT_PROTOTYPES = YES;
				CLANG_WARN_SUSPICIOUS_MOVE = YES;
				CLANG_WARN_UNGUARDED_AVAILABILITY = YES_AGGRESSIVE;
				CLANG_WARN_UNREACHABLE_CODE = YES;
				CLANG_WARN__DUPLICATE_METHOD_MATCH = YES;
				CODE_SIGN_IDENTITY = "iPhone Developer";
				COPY_PHASE_STRIP = NO;
				DEBUG_INFORMATION_FORMAT = dwarf;
				ENABLE_STRICT_OBJC_MSGSEND = YES;
				ENABLE_TESTABILITY = YES;
				GCC_C_LANGUAGE_STANDARD = gnu11;
				GCC_DYNAMIC_NO_PIC = NO;
				GCC_NO_COMMON_BLOCKS = YES;
				GCC_OPTIMIZATION_LEVEL = 0;
				GCC_PREPROCESSOR_DEFINITIONS = (
					"DEBUG=1",
					"$(inherited)",
				);
				GCC_WARN_64_TO_32_BIT_CONVERSION = YES;
				GCC_WARN_ABOUT_RETURN_TYPE = YES_ERROR;
				GCC_WARN_UNDECLARED_SELECTOR = YES;
				GCC_WARN_UNINITIALIZED_AUTOS = YES_AGGRESSIVE;
				GCC_WARN_UNUSED_FUNCTION = YES;
				GCC_WARN_UNUSED_VARIABLE = YES;
				IPHONEOS_DEPLOYMENT_TARGET = 11.3;
				MTL_ENABLE_DEBUG_INFO = YES;
				ONLY_ACTIVE_ARCH = YES;
				SDKROOT = iphoneos;
				SWIFT_ACTIVE_COMPILATION_CONDITIONS = DEBUG;
				SWIFT_OPTIMIZATION_LEVEL = "-Onone";
			};
			name = Debug;
		};
		839DE4A820BFF4F300FB4E4D /* Release */ = {
			isa = XCBuildConfiguration;
			buildSettings = {
				ALWAYS_SEARCH_USER_PATHS = NO;
				CLANG_ANALYZER_NONNULL = YES;
				CLANG_ANALYZER_NUMBER_OBJECT_CONVERSION = YES_AGGRESSIVE;
				CLANG_CXX_LANGUAGE_STANDARD = "gnu++14";
				CLANG_CXX_LIBRARY = "libc++";
				CLANG_ENABLE_MODULES = YES;
				CLANG_ENABLE_OBJC_ARC = YES;
				CLANG_ENABLE_OBJC_WEAK = YES;
				CLANG_WARN_BLOCK_CAPTURE_AUTORELEASING = YES;
				CLANG_WARN_BOOL_CONVERSION = YES;
				CLANG_WARN_COMMA = YES;
				CLANG_WARN_CONSTANT_CONVERSION = YES;
				CLANG_WARN_DEPRECATED_OBJC_IMPLEMENTATIONS = YES;
				CLANG_WARN_DIRECT_OBJC_ISA_USAGE = YES_ERROR;
				CLANG_WARN_DOCUMENTATION_COMMENTS = YES;
				CLANG_WARN_EMPTY_BODY = YES;
				CLANG_WARN_ENUM_CONVERSION = YES;
				CLANG_WARN_INFINITE_RECURSION = YES;
				CLANG_WARN_INT_CONVERSION = YES;
				CLANG_WARN_NON_LITERAL_NULL_CONVERSION = YES;
				CLANG_WARN_OBJC_IMPLICIT_RETAIN_SELF = YES;
				CLANG_WARN_OBJC_LITERAL_CONVERSION = YES;
				CLANG_WARN_OBJC_ROOT_CLASS = YES_ERROR;
				CLANG_WARN_RANGE_LOOP_ANALYSIS = YES;
				CLANG_WARN_STRICT_PROTOTYPES = YES;
				CLANG_WARN_SUSPICIOUS_MOVE = YES;
				CLANG_WARN_UNGUARDED_AVAILABILITY = YES_AGGRESSIVE;
				CLANG_WARN_UNREACHABLE_CODE = YES;
				CLANG_WARN__DUPLICATE_METHOD_MATCH = YES;
				CODE_SIGN_IDENTITY = "iPhone Developer";
				COPY_PHASE_STRIP = NO;
				DEBUG_INFORMATION_FORMAT = "dwarf-with-dsym";
				ENABLE_NS_ASSERTIONS = NO;
				ENABLE_STRICT_OBJC_MSGSEND = YES;
				GCC_C_LANGUAGE_STANDARD = gnu11;
				GCC_NO_COMMON_BLOCKS = YES;
				GCC_WARN_64_TO_32_BIT_CONVERSION = YES;
				GCC_WARN_ABOUT_RETURN_TYPE = YES_ERROR;
				GCC_WARN_UNDECLARED_SELECTOR = YES;
				GCC_WARN_UNINITIALIZED_AUTOS = YES_AGGRESSIVE;
				GCC_WARN_UNUSED_FUNCTION = YES;
				GCC_WARN_UNUSED_VARIABLE = YES;
				IPHONEOS_DEPLOYMENT_TARGET = 11.3;
				MTL_ENABLE_DEBUG_INFO = NO;
				SDKROOT = iphoneos;
				SWIFT_COMPILATION_MODE = wholemodule;
				SWIFT_OPTIMIZATION_LEVEL = "-O";
				VALIDATE_PRODUCT = YES;
			};
			name = Release;
		};
		839DE4AA20BFF4F300FB4E4D /* Debug */ = {
			isa = XCBuildConfiguration;
			buildSettings = {
				ASSETCATALOG_COMPILER_APPICON_NAME = AppIcon;
				CODE_SIGN_STYLE = Automatic;
				DEVELOPMENT_TEAM = ULJK2GMX23;
				INFOPLIST_FILE = Subscriptions/Info.plist;
				IPHONEOS_DEPLOYMENT_TARGET = 11.0;
				LD_RUNPATH_SEARCH_PATHS = (
					"$(inherited)",
					"@executable_path/Frameworks",
				);
				PRODUCT_BUNDLE_IDENTIFIER = com.chrislang.Subscriptions;
				PRODUCT_NAME = "$(TARGET_NAME)";
				SWIFT_VERSION = 4.0;
				TARGETED_DEVICE_FAMILY = "1,2";
			};
			name = Debug;
		};
		839DE4AB20BFF4F300FB4E4D /* Release */ = {
			isa = XCBuildConfiguration;
			buildSettings = {
				ASSETCATALOG_COMPILER_APPICON_NAME = AppIcon;
				CODE_SIGN_STYLE = Automatic;
				DEVELOPMENT_TEAM = ULJK2GMX23;
				INFOPLIST_FILE = Subscriptions/Info.plist;
				IPHONEOS_DEPLOYMENT_TARGET = 11.0;
				LD_RUNPATH_SEARCH_PATHS = (
					"$(inherited)",
					"@executable_path/Frameworks",
				);
				PRODUCT_BUNDLE_IDENTIFIER = com.chrislang.Subscriptions;
				PRODUCT_NAME = "$(TARGET_NAME)";
				SWIFT_VERSION = 4.0;
				TARGETED_DEVICE_FAMILY = "1,2";
			};
			name = Release;
		};
/* End XCBuildConfiguration section */

/* Begin XCConfigurationList section */
		839DE48F20BFF4F000FB4E4D /* Build configuration list for PBXProject "Subscriptions" */ = {
			isa = XCConfigurationList;
			buildConfigurations = (
				839DE4A720BFF4F300FB4E4D /* Debug */,
				839DE4A820BFF4F300FB4E4D /* Release */,
			);
			defaultConfigurationIsVisible = 0;
			defaultConfigurationName = Release;
		};
		839DE4A920BFF4F300FB4E4D /* Build configuration list for PBXNativeTarget "Expenses" */ = {
			isa = XCConfigurationList;
			buildConfigurations = (
				839DE4AA20BFF4F300FB4E4D /* Debug */,
				839DE4AB20BFF4F300FB4E4D /* Release */,
			);
			defaultConfigurationIsVisible = 0;
			defaultConfigurationName = Release;
		};
/* End XCConfigurationList section */

/* Begin XCVersionGroup section */
		839DE49E20BFF4F000FB4E4D /* Subscriptions.xcdatamodeld */ = {
			isa = XCVersionGroup;
			children = (
				839DE49F20BFF4F000FB4E4D /* Subscriptions.xcdatamodel */,
			);
			currentVersion = 839DE49F20BFF4F000FB4E4D /* Subscriptions.xcdatamodel */;
			path = Subscriptions.xcdatamodeld;
			sourceTree = "<group>";
			versionGroupType = wrapper.xcdatamodel;
		};
/* End XCVersionGroup section */
	};
	rootObject = 839DE48C20BFF4F000FB4E4D /* Project object */;
}
